
Microsoft Visual Studio Solution File, Format Version 12.00
# Visual Studio Express 2013 for Windows Desktop
VisualStudioVersion = 12.0.21005.1
MinimumVisualStudioVersion = 10.0.40219.1
Project("{FAE04EC0-301F-11D3-BF4B-00C04F79EFBC}") = "MapEditor", "MapEditor\MapEditor.csproj", "{211E37F3-0253-49CC-81D6-F074E603B816}"
EndProject
Project("{FAE04EC0-301F-11D3-BF4B-00C04F79EFBC}") = "VikGame", "VikGame\VikGame.csproj", "{C3D26E19-A7BA-4C34-8134-E18F94C5105B}"
EndProject
Project("{FAE04EC0-301F-11D3-BF4B-00C04F79EFBC}") = "GameLib", "GameLib\GameLib.csproj", "{E3CC59E0-8135-4836-AEA4-1419BA6EBFBD}"
EndProject
Project("{FAE04EC0-301F-11D3-BF4B-00C04F79EFBC}") = "DungeonMasterToolWPF", "DungeonMasterToolWPF\DungeonMasterToolWPF.csproj", "{64EFBB5A-C032-48F7-8172-51DF53DF8AA7}"
EndProject
Global
	GlobalSection(SolutionConfigurationPlatforms) = preSolution
		Debug|Any CPU = Debug|Any CPU
		Release|Any CPU = Release|Any CPU
	EndGlobalSection
	GlobalSection(ProjectConfigurationPlatforms) = postSolution
		{211E37F3-0253-49CC-81D6-F074E603B816}.Debug|Any CPU.ActiveCfg = Debug|Any CPU
		{211E37F3-0253-49CC-81D6-F074E603B816}.Debug|Any CPU.Build.0 = Debug|Any CPU
		{211E37F3-0253-49CC-81D6-F074E603B816}.Release|Any CPU.ActiveCfg = Release|Any CPU
		{211E37F3-0253-49CC-81D6-F074E603B816}.Release|Any CPU.Build.0 = Release|Any CPU
		{C3D26E19-A7BA-4C34-8134-E18F94C5105B}.Debug|Any CPU.ActiveCfg = Debug|Any CPU
		{C3D26E19-A7BA-4C34-8134-E18F94C5105B}.Debug|Any CPU.Build.0 = Debug|Any CPU
		{C3D26E19-A7BA-4C34-8134-E18F94C5105B}.Release|Any CPU.ActiveCfg = Release|Any CPU
		{C3D26E19-A7BA-4C34-8134-E18F94C5105B}.Release|Any CPU.Build.0 = Release|Any CPU
		{E3CC59E0-8135-4836-AEA4-1419BA6EBFBD}.Debug|Any CPU.ActiveCfg = Debug|Any CPU
		{E3CC59E0-8135-4836-AEA4-1419BA6EBFBD}.Debug|Any CPU.Build.0 = Debug|Any CPU
		{E3CC59E0-8135-4836-AEA4-1419BA6EBFBD}.Release|Any CPU.ActiveCfg = Release|Any CPU
		{E3CC59E0-8135-4836-AEA4-1419BA6EBFBD}.Release|Any CPU.Build.0 = Release|Any CPU
		{64EFBB5A-C032-48F7-8172-51DF53DF8AA7}.Debug|Any CPU.ActiveCfg = Debug|Any CPU
		{64EFBB5A-C032-48F7-8172-51DF53DF8AA7}.Debug|Any CPU.Build.0 = Debug|Any CPU
		{64EFBB5A-C032-48F7-8172-51DF53DF8AA7}.Release|Any CPU.ActiveCfg = Release|Any CPU
		{64EFBB5A-C032-48F7-8172-51DF53DF8AA7}.Release|Any CPU.Build.0 = Release|Any CPU
	EndGlobalSection
	GlobalSection(SolutionProperties) = preSolution
		HideSolutionNode = FALSE
	EndGlobalSection
EndGlobal
